
Microsoft Visual Studio Solution File, Format Version 12.00
# Visual Studio Version 17
VisualStudioVersion = 17.9.34622.214
MinimumVisualStudioVersion = 10.0.40219.1
Project("{FAE04EC0-301F-11D3-BF4B-00C04F79EFBC}") = "WarriorsOfWipeBot", "WarriorsOfWipeBot.csproj", "{472D845E-EF32-4339-B913-917C05A0E6A5}"
EndProject
Global
	GlobalSection(SolutionConfigurationPlatforms) = preSolution
		Debug|Any CPU = Debug|Any CPU
		Release|Any CPU = Release|Any CPU
	EndGlobalSection
	GlobalSection(ProjectConfigurationPlatforms) = postSolution
		{472D845E-EF32-4339-B913-917C05A0E6A5}.Debug|Any CPU.ActiveCfg = Debug|Any CPU
		{472D845E-EF32-4339-B913-917C05A0E6A5}.Debug|Any CPU.Build.0 = Debug|Any CPU
		{472D845E-EF32-4339-B913-917C05A0E6A5}.Release|Any CPU.ActiveCfg = Release|Any CPU
		{472D845E-EF32-4339-B913-917C05A0E6A5}.Release|Any CPU.Build.0 = Release|Any CPU
	EndGlobalSection
	GlobalSection(SolutionProperties) = preSolution
		HideSolutionNode = FALSE
	EndGlobalSection
	GlobalSection(ExtensibilityGlobals) = postSolution
		SolutionGuid = {89F05EDD-2E9E-49B0-A928-ADF6D3B0EF64}
	EndGlobalSection
EndGlobal
